{
  "name": "canonify-examples-nodejs",
  "version": "1.0.0",
  "lockfileVersion": 2,
  "requires": true,
  "packages": {
    "": {
      "name": "canonify-examples-nodejs",
      "version": "1.0.0",
      "license": "ISC",
      "dependencies": {
        "@truestamp/canonify": "^0.0.3"
      }
    },
    "node_modules/@truestamp/canonify": {
      "version": "0.0.3",
      "resolved": "https://registry.npmjs.org/@truestamp/canonify/-/canonify-0.0.3.tgz",
      "integrity": "sha512-qBoTA1ieGTfSOu6mReUCp3exm1fVbrRsKrmYrBjjkPK4AA3wYHvnRkLBFXxyrD7nlmhwompwZcV3CqtKgCv/Aw=="
    }
  },
  "dependencies": {
    "@truestamp/canonify": {
      "version": "0.0.3",
      "resolved": "https://registry.npmjs.org/@truestamp/canonify/-/canonify-0.0.3.tgz",
      "integrity": "sha512-qBoTA1ieGTfSOu6mReUCp3exm1fVbrRsKrmYrBjjkPK4AA3wYHvnRkLBFXxyrD7nlmhwompwZcV3CqtKgCv/Aw=="
    }
  }
}
